
Microsoft Visual Studio Solution File, Format Version 12.00
# Visual Studio 15
VisualStudioVersion = 15.0.27130.2020
MinimumVisualStudioVersion = 10.0.40219.1
Project("{FAE04EC0-301F-11D3-BF4B-00C04F79EFBC}") = "AnimalShelterApp", "AnimalShelterApp\AnimalShelterApp.csproj", "{156397F2-D467-4A9C-AFB7-826255301148}"
EndProject
Global
	GlobalSection(SolutionConfigurationPlatforms) = preSolution
		Debug|Any CPU = Debug|Any CPU
		Release|Any CPU = Release|Any CPU
	EndGlobalSection
	GlobalSection(ProjectConfigurationPlatforms) = postSolution
		{156397F2-D467-4A9C-AFB7-826255301148}.Debug|Any CPU.ActiveCfg = Debug|Any CPU
		{156397F2-D467-4A9C-AFB7-826255301148}.Debug|Any CPU.Build.0 = Debug|Any CPU
		{156397F2-D467-4A9C-AFB7-826255301148}.Release|Any CPU.ActiveCfg = Release|Any CPU
		{156397F2-D467-4A9C-AFB7-826255301148}.Release|Any CPU.Build.0 = Release|Any CPU
	EndGlobalSection
	GlobalSection(SolutionProperties) = preSolution
		HideSolutionNode = FALSE
	EndGlobalSection
	GlobalSection(ExtensibilityGlobals) = postSolution
		SolutionGuid = {BB7B1D51-3821-4B0E-AA3A-F9D9F9589613}
	EndGlobalSection
EndGlobal
